
Microsoft Visual Studio Solution File, Format Version 12.00
# Visual Studio Version 17
VisualStudioVersion = 17.2.32602.215
MinimumVisualStudioVersion = 10.0.40219.1
Project("{FAE04EC0-301F-11D3-BF4B-00C04F79EFBC}") = "practice", "practice\practice.csproj", "{D1C8FB08-A76A-4E4C-88BB-ABA4B1D96FE8}"
EndProject
Global
	GlobalSection(SolutionConfigurationPlatforms) = preSolution
		Debug|Any CPU = Debug|Any CPU
		Release|Any CPU = Release|Any CPU
	EndGlobalSection
	GlobalSection(ProjectConfigurationPlatforms) = postSolution
		{D1C8FB08-A76A-4E4C-88BB-ABA4B1D96FE8}.Debug|Any CPU.ActiveCfg = Debug|Any CPU
		{D1C8FB08-A76A-4E4C-88BB-ABA4B1D96FE8}.Debug|Any CPU.Build.0 = Debug|Any CPU
		{D1C8FB08-A76A-4E4C-88BB-ABA4B1D96FE8}.Release|Any CPU.ActiveCfg = Release|Any CPU
		{D1C8FB08-A76A-4E4C-88BB-ABA4B1D96FE8}.Release|Any CPU.Build.0 = Release|Any CPU
	EndGlobalSection
	GlobalSection(SolutionProperties) = preSolution
		HideSolutionNode = FALSE
	EndGlobalSection
	GlobalSection(ExtensibilityGlobals) = postSolution
		SolutionGuid = {418B0DE8-2D0F-4880-BD4F-7A5D0C3F042C}
	EndGlobalSection
EndGlobal
